{
    "_readme": [
        "This file locks the dependencies of your project to a known state",
        "Read more about it at https://getcomposer.org/doc/01-basic-usage.md#installing-dependencies",
        "This file is @generated automatically"
    ],
    "content-hash": "884fb873b7bec22ddccf258d25f7de58",
    "packages": [
        {
            "name": "floatingbits/evolutionary-algorithm",
            "version": "dev-main",
            "source": {
                "type": "git",
                "url": "https://github.com/floatingbits/evolutionary-algorithm.git",
                "reference": "ada52d79c33fd77ac5afe529dd0c1a24f4bdc85d"
            },
            "dist": {
                "type": "zip",
                "url": "https://api.github.com/repos/floatingbits/evolutionary-algorithm/zipball/ada52d79c33fd77ac5afe529dd0c1a24f4bdc85d",
                "reference": "ada52d79c33fd77ac5afe529dd0c1a24f4bdc85d",
                "shasum": ""
            },
            "require-dev": {
                "phpstan/phpstan": "^1.9",
                "phpunit/phpunit": "^9.5"
            },
            "default-branch": true,
            "type": "library",
            "autoload": {
                "psr-4": {
                    "FloatingBits\\EvolutionaryAlgorithm\\": "src/"
                }
            },
            "autoload-dev": {
                "psr-4": {
                    "FloatingBits\\EvolutionaryAlgorithm\\Tests\\": "tests/"
                }
            },
            "authors": [
                {
                    "name": "Soeren Parton",
                    "email": "mail@floatingbitsmedia.de"
                }
            ],
            "description": "A php implementation of evolutionary algorithms",
            "support": {
                "source": "https://github.com/floatingbits/evolutionary-algorithm/tree/main",
                "issues": "https://github.com/floatingbits/evolutionary-algorithm/issues"
            },
            "time": "2022-11-23T15:10:47+00:00"
        }
    ],
    "packages-dev": [],
    "aliases": [],
    "minimum-stability": "stable",
    "stability-flags": {
        "floatingbits/evolutionary-algorithm": 20
    },
    "prefer-stable": false,
    "prefer-lowest": false,
    "platform": [],
    "platform-dev": [],
    "plugin-api-version": "2.3.0"
}
